
Microsoft Visual Studio Solution File, Format Version 12.00
# Visual Studio 15
VisualStudioVersion = 15.0.27428.2011
MinimumVisualStudioVersion = 10.0.40219.1
Project("{FAE04EC0-301F-11D3-BF4B-00C04F79EFBC}") = "ImageRecognition", "ImageRecognition\ImageRecognition.csproj", "{084479B5-EE8B-44CB-8C86-DBC3C3FBDDAF}"
EndProject
Global
	GlobalSection(SolutionConfigurationPlatforms) = preSolution
		Debug|Any CPU = Debug|Any CPU
		Release|Any CPU = Release|Any CPU
	EndGlobalSection
	GlobalSection(ProjectConfigurationPlatforms) = postSolution
		{084479B5-EE8B-44CB-8C86-DBC3C3FBDDAF}.Debug|Any CPU.ActiveCfg = Debug|Any CPU
		{084479B5-EE8B-44CB-8C86-DBC3C3FBDDAF}.Debug|Any CPU.Build.0 = Debug|Any CPU
		{084479B5-EE8B-44CB-8C86-DBC3C3FBDDAF}.Release|Any CPU.ActiveCfg = Release|Any CPU
		{084479B5-EE8B-44CB-8C86-DBC3C3FBDDAF}.Release|Any CPU.Build.0 = Release|Any CPU
	EndGlobalSection
	GlobalSection(SolutionProperties) = preSolution
		HideSolutionNode = FALSE
	EndGlobalSection
	GlobalSection(ExtensibilityGlobals) = postSolution
		SolutionGuid = {473404C2-63DA-4B8F-B82D-D4905E09C722}
	EndGlobalSection
EndGlobal
